
Microsoft Visual Studio Solution File, Format Version 12.00
# Visual Studio 15
VisualStudioVersion = 15.0.27130.2010
MinimumVisualStudioVersion = 10.0.40219.1
Project("{FAE04EC0-301F-11D3-BF4B-00C04F79EFBC}") = "TestPwmWriter", "TestPwmWriter\TestPwmWriter.csproj", "{C5576CC5-9270-4C93-A3DC-DC38A5B543DE}"
EndProject
Project("{FAE04EC0-301F-11D3-BF4B-00C04F79EFBC}") = "PwmWriterLibrary", "PwmWriterLibrary\PwmWriterLibrary.csproj", "{F64058E4-29D9-42F4-A80E-CC30921A8782}"
EndProject
Global
	GlobalSection(SolutionConfigurationPlatforms) = preSolution
		Debug|Any CPU = Debug|Any CPU
		Release|Any CPU = Release|Any CPU
	EndGlobalSection
	GlobalSection(ProjectConfigurationPlatforms) = postSolution
		{C5576CC5-9270-4C93-A3DC-DC38A5B543DE}.Debug|Any CPU.ActiveCfg = Debug|Any CPU
		{C5576CC5-9270-4C93-A3DC-DC38A5B543DE}.Debug|Any CPU.Build.0 = Debug|Any CPU
		{C5576CC5-9270-4C93-A3DC-DC38A5B543DE}.Release|Any CPU.ActiveCfg = Release|Any CPU
		{C5576CC5-9270-4C93-A3DC-DC38A5B543DE}.Release|Any CPU.Build.0 = Release|Any CPU
		{F64058E4-29D9-42F4-A80E-CC30921A8782}.Debug|Any CPU.ActiveCfg = Debug|Any CPU
		{F64058E4-29D9-42F4-A80E-CC30921A8782}.Debug|Any CPU.Build.0 = Debug|Any CPU
		{F64058E4-29D9-42F4-A80E-CC30921A8782}.Release|Any CPU.ActiveCfg = Release|Any CPU
		{F64058E4-29D9-42F4-A80E-CC30921A8782}.Release|Any CPU.Build.0 = Release|Any CPU
	EndGlobalSection
	GlobalSection(SolutionProperties) = preSolution
		HideSolutionNode = FALSE
	EndGlobalSection
	GlobalSection(ExtensibilityGlobals) = postSolution
		SolutionGuid = {D71CE189-9DE7-4F37-B6AE-F84580B46D69}
	EndGlobalSection
EndGlobal
